
Microsoft Visual Studio Solution File, Format Version 12.00
# Visual Studio Version 16
VisualStudioVersion = 16.0.31019.35
MinimumVisualStudioVersion = 10.0.40219.1
Project("{FAE04EC0-301F-11D3-BF4B-00C04F79EFBC}") = "FunkyBasics", "FunkyBasics\FunkyBasics.csproj", "{5B7AC433-1442-4699-9374-64C29DC26329}"
EndProject
Project("{FAE04EC0-301F-11D3-BF4B-00C04F79EFBC}") = "FunkyBasics.Tests", "FunkyBasics.Tests\FunkyBasics.Tests.csproj", "{BFEDFCF4-A9C1-4E02-9DE1-DA3C936EA087}"
EndProject
Global
	GlobalSection(SolutionConfigurationPlatforms) = preSolution
		Debug|Any CPU = Debug|Any CPU
		Release|Any CPU = Release|Any CPU
	EndGlobalSection
	GlobalSection(ProjectConfigurationPlatforms) = postSolution
		{5B7AC433-1442-4699-9374-64C29DC26329}.Debug|Any CPU.ActiveCfg = Debug|Any CPU
		{5B7AC433-1442-4699-9374-64C29DC26329}.Debug|Any CPU.Build.0 = Debug|Any CPU
		{5B7AC433-1442-4699-9374-64C29DC26329}.Release|Any CPU.ActiveCfg = Release|Any CPU
		{5B7AC433-1442-4699-9374-64C29DC26329}.Release|Any CPU.Build.0 = Release|Any CPU
		{BFEDFCF4-A9C1-4E02-9DE1-DA3C936EA087}.Debug|Any CPU.ActiveCfg = Debug|Any CPU
		{BFEDFCF4-A9C1-4E02-9DE1-DA3C936EA087}.Debug|Any CPU.Build.0 = Debug|Any CPU
		{BFEDFCF4-A9C1-4E02-9DE1-DA3C936EA087}.Release|Any CPU.ActiveCfg = Release|Any CPU
		{BFEDFCF4-A9C1-4E02-9DE1-DA3C936EA087}.Release|Any CPU.Build.0 = Release|Any CPU
	EndGlobalSection
	GlobalSection(SolutionProperties) = preSolution
		HideSolutionNode = FALSE
	EndGlobalSection
	GlobalSection(ExtensibilityGlobals) = postSolution
		SolutionGuid = {3F1A0D2B-4F98-486C-A059-A2C3632841FC}
	EndGlobalSection
EndGlobal
